
Microsoft Visual Studio Solution File, Format Version 12.00
# Visual Studio 15
VisualStudioVersion = 15.0.28010.2041
MinimumVisualStudioVersion = 10.0.40219.1
Project("{FAE04EC0-301F-11D3-BF4B-00C04F79EFBC}") = "Vidly", "Vidly\Vidly.csproj", "{BBAB1A60-6C7E-4671-8412-EDF4C58D2445}"
EndProject
Global
	GlobalSection(SolutionConfigurationPlatforms) = preSolution
		Debug|Any CPU = Debug|Any CPU
		Release|Any CPU = Release|Any CPU
	EndGlobalSection
	GlobalSection(ProjectConfigurationPlatforms) = postSolution
		{BBAB1A60-6C7E-4671-8412-EDF4C58D2445}.Debug|Any CPU.ActiveCfg = Debug|Any CPU
		{BBAB1A60-6C7E-4671-8412-EDF4C58D2445}.Debug|Any CPU.Build.0 = Debug|Any CPU
		{BBAB1A60-6C7E-4671-8412-EDF4C58D2445}.Release|Any CPU.ActiveCfg = Release|Any CPU
		{BBAB1A60-6C7E-4671-8412-EDF4C58D2445}.Release|Any CPU.Build.0 = Release|Any CPU
	EndGlobalSection
	GlobalSection(SolutionProperties) = preSolution
		HideSolutionNode = FALSE
	EndGlobalSection
	GlobalSection(ExtensibilityGlobals) = postSolution
		SolutionGuid = {BD7C87F5-A5AC-4C94-9FD9-58C68C38DDA7}
	EndGlobalSection
EndGlobal
